// !$*UTF8*$!
{
	archiveVersion = 1;
	classes = {
	};
	objectVersion = 48;
	objects = {

/* Begin PBXBuildFile section */
		093224BC1F68A6E100CA11D9 /* AppDelegate.swift in Sources */ = {isa = PBXBuildFile; fileRef = 093224BB1F68A6E100CA11D9 /* AppDelegate.swift */; };
		093224BE1F68A6E100CA11D9 /* BucketController.swift in Sources */ = {isa = PBXBuildFile; fileRef = 093224BD1F68A6E100CA11D9 /* BucketController.swift */; };
		093224C11F68A6E100CA11D9 /* Main.storyboard in Resources */ = {isa = PBXBuildFile; fileRef = 093224BF1F68A6E100CA11D9 /* Main.storyboard */; };
		093224C31F68A6E100CA11D9 /* Assets.xcassets in Resources */ = {isa = PBXBuildFile; fileRef = 093224C21F68A6E100CA11D9 /* Assets.xcassets */; };
		093224C61F68A6E100CA11D9 /* LaunchScreen.storyboard in Resources */ = {isa = PBXBuildFile; fileRef = 093224C41F68A6E100CA11D9 /* LaunchScreen.storyboard */; };
		093224D11F68A6E100CA11D9 /* Bucket_ListTests.swift in Sources */ = {isa = PBXBuildFile; fileRef = 093224D01F68A6E100CA11D9 /* Bucket_ListTests.swift */; };
		093224DC1F68A6E100CA11D9 /* Bucket_ListUITests.swift in Sources */ = {isa = PBXBuildFile; fileRef = 093224DB1F68A6E100CA11D9 /* Bucket_ListUITests.swift */; };
		093224EC1F68C99100CA11D9 /* AddViewController.swift in Sources */ = {isa = PBXBuildFile; fileRef = 093224EB1F68C99100CA11D9 /* AddViewController.swift */; };
		093224F01F68D3A400CA11D9 /* AddViewControllerDelegate.swift in Sources */ = {isa = PBXBuildFile; fileRef = 093224EF1F68D3A400CA11D9 /* AddViewControllerDelegate.swift */; };
/* End PBXBuildFile section */

/* Begin PBXContainerItemProxy section */
		093224CD1F68A6E100CA11D9 /* PBXContainerItemProxy */ = {
			isa = PBXContainerItemProxy;
			containerPortal = 093224B01F68A6E100CA11D9 /* Project object */;
			proxyType = 1;
			remoteGlobalIDString = 093224B71F68A6E100CA11D9;
			remoteInfo = "Bucket List";
		};
		093224D81F68A6E100CA11D9 /* PBXContainerItemProxy */ = {
			isa = PBXContainerItemProxy;
			containerPortal = 093224B01F68A6E100CA11D9 /* Project object */;
			proxyType = 1;
			remoteGlobalIDString = 093224B71F68A6E100CA11D9;
			remoteInfo = "Bucket List";
		};
/* End PBXContainerItemProxy section */

/* Begin PBXFileReference section */
		093224B81F68A6E100CA11D9 /* Bucket List.app */ = {isa = PBXFileReference; explicitFileType = wrapper.application; includeInIndex = 0; path = "Bucket List.app"; sourceTree = BUILT_PRODUCTS_DIR; };
		093224BB1F68A6E100CA11D9 /* AppDelegate.swift */ = {isa = PBXFileReference; lastKnownFileType = sourcecode.swift; path = AppDelegate.swift; sourceTree = "<group>"; };
		093224BD1F68A6E100CA11D9 /* BucketController.swift */ = {isa = PBXFileReference; lastKnownFileType = sourcecode.swift; path = BucketController.swift; sourceTree = "<group>"; };
		093224C01F68A6E100CA11D9 /* Base */ = {isa = PBXFileReference; lastKnownFileType = file.storyboard; name = Base; path = Base.lproj/Main.storyboard; sourceTree = "<group>"; };
		093224C21F68A6E100CA11D9 /* Assets.xcassets */ = {isa = PBXFileReference; lastKnownFileType = folder.assetcatalog; path = Assets.xcassets; sourceTree = "<group>"; };
		093224C51F68A6E100CA11D9 /* Base */ = {isa = PBXFileReference; lastKnownFileType = file.storyboard; name = Base; path = Base.lproj/LaunchScreen.storyboard; sourceTree = "<group>"; };
		093224C71F68A6E100CA11D9 /* Info.plist */ = {isa = PBXFileReference; lastKnownFileType = text.plist.xml; path = Info.plist; sourceTree = "<group>"; };
		093224CC1F68A6E100CA11D9 /* Bucket ListTests.xctest */ = {isa = PBXFileReference; explicitFileType = wrapper.cfbundle; includeInIndex = 0; path = "Bucket ListTests.xctest"; sourceTree = BUILT_PRODUCTS_DIR; };
		093224D01F68A6E100CA11D9 /* Bucket_ListTests.swift */ = {isa = PBXFileReference; lastKnownFileType = sourcecode.swift; path = Bucket_ListTests.swift; sourceTree = "<group>"; };
		093224D21F68A6E100CA11D9 /* Info.plist */ = {isa = PBXFileReference; lastKnownFileType = text.plist.xml; path = Info.plist; sourceTree = "<group>"; };
		093224D71F68A6E100CA11D9 /* Bucket ListUITests.xctest */ = {isa = PBXFileReference; explicitFileType = wrapper.cfbundle; includeInIndex = 0; path = "Bucket ListUITests.xctest"; sourceTree = BUILT_PRODUCTS_DIR; };
		093224DB1F68A6E100CA11D9 /* Bucket_ListUITests.swift */ = {isa = PBXFileReference; lastKnownFileType = sourcecode.swift; path = Bucket_ListUITests.swift; sourceTree = "<group>"; };
		093224DD1F68A6E200CA11D9 /* Info.plist */ = {isa = PBXFileReference; lastKnownFileType = text.plist.xml; path = Info.plist; sourceTree = "<group>"; };
		093224EB1F68C99100CA11D9 /* AddViewController.swift */ = {isa = PBXFileReference; lastKnownFileType = sourcecode.swift; path = AddViewController.swift; sourceTree = "<group>"; };
		093224EF1F68D3A400CA11D9 /* AddViewControllerDelegate.swift */ = {isa = PBXFileReference; lastKnownFileType = sourcecode.swift; path = AddViewControllerDelegate.swift; sourceTree = "<group>"; };
/* End PBXFileReference section */

/* Begin PBXFrameworksBuildPhase section */
		093224B51F68A6E100CA11D9 /* Frameworks */ = {
			isa = PBXFrameworksBuildPhase;
			buildActionMask = 2147483647;
			files = (
			);
			runOnlyForDeploymentPostprocessing = 0;
		};
		093224C91F68A6E100CA11D9 /* Frameworks */ = {
			isa = PBXFrameworksBuildPhase;
			buildActionMask = 2147483647;
			files = (
			);
			runOnlyForDeploymentPostprocessing = 0;
		};
		093224D41F68A6E100CA11D9 /* Frameworks */ = {
			isa = PBXFrameworksBuildPhase;
			buildActionMask = 2147483647;
			files = (
			);
			runOnlyForDeploymentPostprocessing = 0;
		};
/* End PBXFrameworksBuildPhase section */

/* Begin PBXGroup section */
		093224AF1F68A6E100CA11D9 = {
			isa = PBXGroup;
			children = (
				093224BA1F68A6E100CA11D9 /* Bucket List */,
				093224CF1F68A6E100CA11D9 /* Bucket ListTests */,
				093224DA1F68A6E100CA11D9 /* Bucket ListUITests */,
				093224B91F68A6E100CA11D9 /* Products */,
			);
			sourceTree = "<group>";
		};
		093224B91F68A6E100CA11D9 /* Products */ = {
			isa = PBXGroup;
			children = (
				093224B81F68A6E100CA11D9 /* Bucket List.app */,
				093224CC1F68A6E100CA11D9 /* Bucket ListTests.xctest */,
				093224D71F68A6E100CA11D9 /* Bucket ListUITests.xctest */,
			);
			name = Products;
			sourceTree = "<group>";
		};
		093224BA1F68A6E100CA11D9 /* Bucket List */ = {
			isa = PBXGroup;
			children = (
				093224BD1F68A6E100CA11D9 /* BucketController.swift */,
				093224BB1F68A6E100CA11D9 /* AppDelegate.swift */,
				093224EB1F68C99100CA11D9 /* AddViewController.swift */,
				093224EF1F68D3A400CA11D9 /* AddViewControllerDelegate.swift */,
				093224BF1F68A6E100CA11D9 /* Main.storyboard */,
				093224C21F68A6E100CA11D9 /* Assets.xcassets */,
				093224C41F68A6E100CA11D9 /* LaunchScreen.storyboard */,
				093224C71F68A6E100CA11D9 /* Info.plist */,
			);
			path = "Bucket List";
			sourceTree = "<group>";
		};
		093224CF1F68A6E100CA11D9 /* Bucket ListTests */ = {
			isa = PBXGroup;
			children = (
				093224D01F68A6E100CA11D9 /* Bucket_ListTests.swift */,
				093224D21F68A6E100CA11D9 /* Info.plist */,
			);
			path = "Bucket ListTests";
			sourceTree = "<group>";
		};
		093224DA1F68A6E100CA11D9 /* Bucket ListUITests */ = {
			isa = PBXGroup;
			children = (
				093224DB1F68A6E100CA11D9 /* Bucket_ListUITests.swift */,
				093224DD1F68A6E200CA11D9 /* Info.plist */,
			);
			path = "Bucket ListUITests";
			sourceTree = "<group>";
		};
/* End PBXGroup section */

/* Begin PBXNativeTarget section */
		093224B71F68A6E100CA11D9 /* Bucket List */ = {
			isa = PBXNativeTarget;
			buildConfigurationList = 093224E01F68A6E200CA11D9 /* Build configuration list for PBXNativeTarget "Bucket List" */;
			buildPhases = (
				093224B41F68A6E100CA11D9 /* Sources */,
				093224B51F68A6E100CA11D9 /* Frameworks */,
				093224B61F68A6E100CA11D9 /* Resources */,
			);
			buildRules = (
			);
			dependencies = (
			);
			name = "Bucket List";
			productName = "Bucket List";
			productReference = 093224B81F68A6E100CA11D9 /* Bucket List.app */;
			productType = "com.apple.product-type.application";
		};
		093224CB1F68A6E100CA11D9 /* Bucket ListTests */ = {
			isa = PBXNativeTarget;
			buildConfigurationList = 093224E31F68A6E200CA11D9 /* Build configuration list for PBXNativeTarget "Bucket ListTests" */;
			buildPhases = (
				093224C81F68A6E100CA11D9 /* Sources */,
				093224C91F68A6E100CA11D9 /* Frameworks */,
				093224CA1F68A6E100CA11D9 /* Resources */,
			);
			buildRules = (
			);
			dependencies = (
				093224CE1F68A6E100CA11D9 /* PBXTargetDependency */,
			);
			name = "Bucket ListTests";
			productName = "Bucket ListTests";
			productReference = 093224CC1F68A6E100CA11D9 /* Bucket ListTests.xctest */;
			productType = "com.apple.product-type.bundle.unit-test";
		};
		093224D61F68A6E100CA11D9 /* Bucket ListUITests */ = {
			isa = PBXNativeTarget;
			buildConfigurationList = 093224E61F68A6E200CA11D9 /* Build configuration list for PBXNativeTarget "Bucket ListUITests" */;
			buildPhases = (
				093224D31F68A6E100CA11D9 /* Sources */,
				093224D41F68A6E100CA11D9 /* Frameworks */,
				093224D51F68A6E100CA11D9 /* Resources */,
			);
			buildRules = (
			);
			dependencies = (
				093224D91F68A6E100CA11D9 /* PBXTargetDependency */,
			);
			name = "Bucket ListUITests";
			productName = "Bucket ListUITests";
			productReference = 093224D71F68A6E100CA11D9 /* Bucket ListUITests.xctest */;
			productType = "com.apple.product-type.bundle.ui-testing";
		};
/* End PBXNativeTarget section */

/* Begin PBXProject section */
		093224B01F68A6E100CA11D9 /* Project object */ = {
			isa = PBXProject;
			attributes = {
				LastSwiftUpdateCheck = 0900;
				LastUpgradeCheck = 0900;
				ORGANIZATIONNAME = "Olivier Butler";
				TargetAttributes = {
					093224B71F68A6E100CA11D9 = {
						CreatedOnToolsVersion = 9.0;
						ProvisioningStyle = Automatic;
					};
					093224CB1F68A6E100CA11D9 = {
						CreatedOnToolsVersion = 9.0;
						ProvisioningStyle = Automatic;
						TestTargetID = 093224B71F68A6E100CA11D9;
					};
					093224D61F68A6E100CA11D9 = {
						CreatedOnToolsVersion = 9.0;
						ProvisioningStyle = Automatic;
						TestTargetID = 093224B71F68A6E100CA11D9;
					};
				};
			};
			buildConfigurationList = 093224B31F68A6E100CA11D9 /* Build configuration list for PBXProject "Bucket List" */;
			compatibilityVersion = "Xcode 8.0";
			developmentRegion = en;
			hasScannedForEncodings = 0;
			knownRegions = (
				en,
				Base,
			);
			mainGroup = 093224AF1F68A6E100CA11D9;
			productRefGroup = 093224B91F68A6E100CA11D9 /* Products */;
			projectDirPath = "";
			projectRoot = "";
			targets = (
				093224B71F68A6E100CA11D9 /* Bucket List */,
				093224CB1F68A6E100CA11D9 /* Bucket ListTests */,
				093224D61F68A6E100CA11D9 /* Bucket ListUITests */,
			);
		};
/* End PBXProject section */

/* Begin PBXResourcesBuildPhase section */
		093224B61F68A6E100CA11D9 /* Resources */ = {
			isa = PBXResourcesBuildPhase;
			buildActionMask = 2147483647;
			files = (
				093224C61F68A6E100CA11D9 /* LaunchScreen.storyboard in Resources */,
				093224C31F68A6E100CA11D9 /* Assets.xcassets in Resources */,
				093224C11F68A6E100CA11D9 /* Main.storyboard in Resources */,
			);
			runOnlyForDeploymentPostprocessing = 0;
		};
		093224CA1F68A6E100CA11D9 /* Resources */ = {
			isa = PBXResourcesBuildPhase;
			buildActionMask = 2147483647;
			files = (
			);
			runOnlyForDeploymentPostprocessing = 0;
		};
		093224D51F68A6E100CA11D9 /* Resources */ = {
			isa = PBXResourcesBuildPhase;
			buildActionMask = 2147483647;
			files = (
			);
			runOnlyForDeploymentPostprocessing = 0;
		};
/* End PBXResourcesBuildPhase section */

/* Begin PBXSourcesBuildPhase section */
		093224B41F68A6E100CA11D9 /* Sources */ = {
			isa = PBXSourcesBuildPhase;
			buildActionMask = 2147483647;
			files = (
				093224BE1F68A6E100CA11D9 /* BucketController.swift in Sources */,
				093224BC1F68A6E100CA11D9 /* AppDelegate.swift in Sources */,
				093224EC1F68C99100CA11D9 /* AddViewController.swift in Sources */,
				093224F01F68D3A400CA11D9 /* AddViewControllerDelegate.swift in Sources */,
			);
			runOnlyForDeploymentPostprocessing = 0;
		};
		093224C81F68A6E100CA11D9 /* Sources */ = {
			isa = PBXSourcesBuildPhase;
			buildActionMask = 2147483647;
			files = (
				093224D11F68A6E100CA11D9 /* Bucket_ListTests.swift in Sources */,
			);
			runOnlyForDeploymentPostprocessing = 0;
		};
		093224D31F68A6E100CA11D9 /* Sources */ = {
			isa = PBXSourcesBuildPhase;
			buildActionMask = 2147483647;
			files = (
				093224DC1F68A6E100CA11D9 /* Bucket_ListUITests.swift in Sources */,
			);
			runOnlyForDeploymentPostprocessing = 0;
		};
/* End PBXSourcesBuildPhase section */

/* Begin PBXTargetDependency section */
		093224CE1F68A6E100CA11D9 /* PBXTargetDependency */ = {
			isa = PBXTargetDependency;
			target = 093224B71F68A6E100CA11D9 /* Bucket List */;
			targetProxy = 093224CD1F68A6E100CA11D9 /* PBXContainerItemProxy */;
		};
		093224D91F68A6E100CA11D9 /* PBXTargetDependency */ = {
			isa = PBXTargetDependency;
			target = 093224B71F68A6E100CA11D9 /* Bucket List */;
			targetProxy = 093224D81F68A6E100CA11D9 /* PBXContainerItemProxy */;
		};
/* End PBXTargetDependency section */

/* Begin PBXVariantGroup section */
		093224BF1F68A6E100CA11D9 /* Main.storyboard */ = {
			isa = PBXVariantGroup;
			children = (
				093224C01F68A6E100CA11D9 /* Base */,
			);
			name = Main.storyboard;
			sourceTree = "<group>";
		};
		093224C41F68A6E100CA11D9 /* LaunchScreen.storyboard */ = {
			isa = PBXVariantGroup;
			children = (
				093224C51F68A6E100CA11D9 /* Base */,
			);
			name = LaunchScreen.storyboard;
			sourceTree = "<group>";
		};
/* End PBXVariantGroup section */

/* Begin XCBuildConfiguration section */
		093224DE1F68A6E200CA11D9 /* Debug */ = {
			isa = XCBuildConfiguration;
			buildSettings = {
				ALWAYS_SEARCH_USER_PATHS = NO;
				CLANG_ANALYZER_NONNULL = YES;
				CLANG_ANALYZER_NUMBER_OBJECT_CONVERSION = YES_AGGRESSIVE;
				CLANG_CXX_LANGUAGE_STANDARD = "gnu++14";
				CLANG_CXX_LIBRARY = "libc++";
				CLANG_ENABLE_MODULES = YES;
				CLANG_ENABLE_OBJC_ARC = YES;
				CLANG_WARN_BLOCK_CAPTURE_AUTORELEASING = YES;
				CLANG_WARN_BOOL_CONVERSION = YES;
				CLANG_WARN_COMMA = YES;
				CLANG_WARN_CONSTANT_CONVERSION = YES;
				CLANG_WARN_DIRECT_OBJC_ISA_USAGE = YES_ERROR;
				CLANG_WARN_DOCUMENTATION_COMMENTS = YES;
				CLANG_WARN_EMPTY_BODY = YES;
				CLANG_WARN_ENUM_CONVERSION = YES;
				CLANG_WARN_INFINITE_RECURSION = YES;
				CLANG_WARN_INT_CONVERSION = YES;
				CLANG_WARN_NON_LITERAL_NULL_CONVERSION = YES;
				CLANG_WARN_OBJC_LITERAL_CONVERSION = YES;
				CLANG_WARN_OBJC_ROOT_CLASS = YES_ERROR;
				CLANG_WARN_RANGE_LOOP_ANALYSIS = YES;
				CLANG_WARN_STRICT_PROTOTYPES = YES;
				CLANG_WARN_SUSPICIOUS_MOVE = YES;
				CLANG_WARN_UNGUARDED_AVAILABILITY = YES_AGGRESSIVE;
				CLANG_WARN_UNREACHABLE_CODE = YES;
				CLANG_WARN__DUPLICATE_METHOD_MATCH = YES;
				CODE_SIGN_IDENTITY = "iPhone Developer";
				COPY_PHASE_STRIP = NO;
				DEBUG_INFORMATION_FORMAT = dwarf;
				ENABLE_STRICT_OBJC_MSGSEND = YES;
				ENABLE_TESTABILITY = YES;
				GCC_C_LANGUAGE_STANDARD = gnu11;
				GCC_DYNAMIC_NO_PIC = NO;
				GCC_NO_COMMON_BLOCKS = YES;
				GCC_OPTIMIZATION_LEVEL = 0;
				GCC_PREPROCESSOR_DEFINITIONS = (
					"DEBUG=1",
					"$(inherited)",
				);
				GCC_WARN_64_TO_32_BIT_CONVERSION = YES;
				GCC_WARN_ABOUT_RETURN_TYPE = YES_ERROR;
				GCC_WARN_UNDECLARED_SELECTOR = YES;
				GCC_WARN_UNINITIALIZED_AUTOS = YES_AGGRESSIVE;
				GCC_WARN_UNUSED_FUNCTION = YES;
				GCC_WARN_UNUSED_VARIABLE = YES;
				IPHONEOS_DEPLOYMENT_TARGET = 11.0;
				MTL_ENABLE_DEBUG_INFO = YES;
				ONLY_ACTIVE_ARCH = YES;
				SDKROOT = iphoneos;
				SWIFT_ACTIVE_COMPILATION_CONDITIONS = DEBUG;
				SWIFT_OPTIMIZATION_LEVEL = "-Onone";
			};
			name = Debug;
		};
		093224DF1F68A6E200CA11D9 /* Release */ = {
			isa = XCBuildConfiguration;
			buildSettings = {
				ALWAYS_SEARCH_USER_PATHS = NO;
				CLANG_ANALYZER_NONNULL = YES;
				CLANG_ANALYZER_NUMBER_OBJECT_CONVERSION = YES_AGGRESSIVE;
				CLANG_CXX_LANGUAGE_STANDARD = "gnu++14";
				CLANG_CXX_LIBRARY = "libc++";
				CLANG_ENABLE_MODULES = YES;
				CLANG_ENABLE_OBJC_ARC = YES;
				CLANG_WARN_BLOCK_CAPTURE_AUTORELEASING = YES;
				CLANG_WARN_BOOL_CONVERSION = YES;
				CLANG_WARN_COMMA = YES;
				CLANG_WARN_CONSTANT_CONVERSION = YES;
				CLANG_WARN_DIRECT_OBJC_ISA_USAGE = YES_ERROR;
				CLANG_WARN_DOCUMENTATION_COMMENTS = YES;
				CLANG_WARN_EMPTY_BODY = YES;
				CLANG_WARN_ENUM_CONVERSION = YES;
				CLANG_WARN_INFINITE_RECURSION = YES;
				CLANG_WARN_INT_CONVERSION = YES;
				CLANG_WARN_NON_LITERAL_NULL_CONVERSION = YES;
				CLANG_WARN_OBJC_LITERAL_CONVERSION = YES;
				CLANG_WARN_OBJC_ROOT_CLASS = YES_ERROR;
				CLANG_WARN_RANGE_LOOP_ANALYSIS = YES;
				CLANG_WARN_STRICT_PROTOTYPES = YES;
				CLANG_WARN_SUSPICIOUS_MOVE = YES;
				CLANG_WARN_UNGUARDED_AVAILABILITY = YES_AGGRESSIVE;
				CLANG_WARN_UNREACHABLE_CODE = YES;
				CLANG_WARN__DUPLICATE_METHOD_MATCH = YES;
				CODE_SIGN_IDENTITY = "iPhone Developer";
				COPY_PHASE_STRIP = NO;
				DEBUG_INFORMATION_FORMAT = "dwarf-with-dsym";
				ENABLE_NS_ASSERTIONS = NO;
				ENABLE_STRICT_OBJC_MSGSEND = YES;
				GCC_C_LANGUAGE_STANDARD = gnu11;
				GCC_NO_COMMON_BLOCKS = YES;
				GCC_WARN_64_TO_32_BIT_CONVERSION = YES;
				GCC_WARN_ABOUT_RETURN_TYPE = YES_ERROR;
				GCC_WARN_UNDECLARED_SELECTOR = YES;
				GCC_WARN_UNINITIALIZED_AUTOS = YES_AGGRESSIVE;
				GCC_WARN_UNUSED_FUNCTION = YES;
				GCC_WARN_UNUSED_VARIABLE = YES;
				IPHONEOS_DEPLOYMENT_TARGET = 11.0;
				MTL_ENABLE_DEBUG_INFO = NO;
				SDKROOT = iphoneos;
				SWIFT_OPTIMIZATION_LEVEL = "-Owholemodule";
				VALIDATE_PRODUCT = YES;
			};
			name = Release;
		};
		093224E11F68A6E200CA11D9 /* Debug */ = {
			isa = XCBuildConfiguration;
			buildSettings = {
				ASSETCATALOG_COMPILER_APPICON_NAME = AppIcon;
				CODE_SIGN_STYLE = Automatic;
				DEVELOPMENT_TEAM = CNHB9B5GX6;
				INFOPLIST_FILE = "Bucket List/Info.plist";
				IPHONEOS_DEPLOYMENT_TARGET = 10.3;
				LD_RUNPATH_SEARCH_PATHS = "$(inherited) @executable_path/Frameworks";
				PRODUCT_BUNDLE_IDENTIFIER = "oliviertests.Bucket-List";
				PRODUCT_NAME = "$(TARGET_NAME)";
				SWIFT_VERSION = 4.0;
				TARGETED_DEVICE_FAMILY = "1,2";
			};
			name = Debug;
		};
		093224E21F68A6E200CA11D9 /* Release */ = {
			isa = XCBuildConfiguration;
			buildSettings = {
				ASSETCATALOG_COMPILER_APPICON_NAME = AppIcon;
				CODE_SIGN_STYLE = Automatic;
				DEVELOPMENT_TEAM = CNHB9B5GX6;
				INFOPLIST_FILE = "Bucket List/Info.plist";
				IPHONEOS_DEPLOYMENT_TARGET = 10.3;
				LD_RUNPATH_SEARCH_PATHS = "$(inherited) @executable_path/Frameworks";
				PRODUCT_BUNDLE_IDENTIFIER = "oliviertests.Bucket-List";
				PRODUCT_NAME = "$(TARGET_NAME)";
				SWIFT_VERSION = 4.0;
				TARGETED_DEVICE_FAMILY = "1,2";
			};
			name = Release;
		};
		093224E41F68A6E200CA11D9 /* Debug */ = {
			isa = XCBuildConfiguration;
			buildSettings = {
				ALWAYS_EMBED_SWIFT_STANDARD_LIBRARIES = YES;
				BUNDLE_LOADER = "$(TEST_HOST)";
				CODE_SIGN_STYLE = Automatic;
				DEVELOPMENT_TEAM = CNHB9B5GX6;
				INFOPLIST_FILE = "Bucket ListTests/Info.plist";
				LD_RUNPATH_SEARCH_PATHS = "$(inherited) @executable_path/Frameworks @loader_path/Frameworks";
				PRODUCT_BUNDLE_IDENTIFIER = "oliviertests.Bucket-ListTests";
				PRODUCT_NAME = "$(TARGET_NAME)";
				SWIFT_VERSION = 4.0;
				TARGETED_DEVICE_FAMILY = "1,2";
				TEST_HOST = "$(BUILT_PRODUCTS_DIR)/Bucket List.app/Bucket List";
			};
			name = Debug;
		};
		093224E51F68A6E200CA11D9 /* Release */ = {
			isa = XCBuildConfiguration;
			buildSettings = {
				ALWAYS_EMBED_SWIFT_STANDARD_LIBRARIES = YES;
				BUNDLE_LOADER = "$(TEST_HOST)";
				CODE_SIGN_STYLE = Automatic;
				DEVELOPMENT_TEAM = CNHB9B5GX6;
				INFOPLIST_FILE = "Bucket ListTests/Info.plist";
				LD_RUNPATH_SEARCH_PATHS = "$(inherited) @executable_path/Frameworks @loader_path/Frameworks";
				PRODUCT_BUNDLE_IDENTIFIER = "oliviertests.Bucket-ListTests";
				PRODUCT_NAME = "$(TARGET_NAME)";
				SWIFT_VERSION = 4.0;
				TARGETED_DEVICE_FAMILY = "1,2";
				TEST_HOST = "$(BUILT_PRODUCTS_DIR)/Bucket List.app/Bucket List";
			};
			name = Release;
		};
		093224E71F68A6E200CA11D9 /* Debug */ = {
			isa = XCBuildConfiguration;
			buildSettings = {
				ALWAYS_EMBED_SWIFT_STANDARD_LIBRARIES = YES;
				CODE_SIGN_STYLE = Automatic;
				DEVELOPMENT_TEAM = CNHB9B5GX6;
				INFOPLIST_FILE = "Bucket ListUITests/Info.plist";
				LD_RUNPATH_SEARCH_PATHS = "$(inherited) @executable_path/Frameworks @loader_path/Frameworks";
				PRODUCT_BUNDLE_IDENTIFIER = "oliviertests.Bucket-ListUITests";
				PRODUCT_NAME = "$(TARGET_NAME)";
				SWIFT_VERSION = 4.0;
				TARGETED_DEVICE_FAMILY = "1,2";
				TEST_TARGET_NAME = "Bucket List";
			};
			name = Debug;
		};
		093224E81F68A6E200CA11D9 /* Release */ = {
			isa = XCBuildConfiguration;
			buildSettings = {
				ALWAYS_EMBED_SWIFT_STANDARD_LIBRARIES = YES;
				CODE_SIGN_STYLE = Automatic;
				DEVELOPMENT_TEAM = CNHB9B5GX6;
				INFOPLIST_FILE = "Bucket ListUITests/Info.plist";
				LD_RUNPATH_SEARCH_PATHS = "$(inherited) @executable_path/Frameworks @loader_path/Frameworks";
				PRODUCT_BUNDLE_IDENTIFIER = "oliviertests.Bucket-ListUITests";
				PRODUCT_NAME = "$(TARGET_NAME)";
				SWIFT_VERSION = 4.0;
				TARGETED_DEVICE_FAMILY = "1,2";
				TEST_TARGET_NAME = "Bucket List";
			};
			name = Release;
		};
/* End XCBuildConfiguration section */

/* Begin XCConfigurationList section */
		093224B31F68A6E100CA11D9 /* Build configuration list for PBXProject "Bucket List" */ = {
			isa = XCConfigurationList;
			buildConfigurations = (
				093224DE1F68A6E200CA11D9 /* Debug */,
				093224DF1F68A6E200CA11D9 /* Release */,
			);
			defaultConfigurationIsVisible = 0;
			defaultConfigurationName = Release;
		};
		093224E01F68A6E200CA11D9 /* Build configuration list for PBXNativeTarget "Bucket List" */ = {
			isa = XCConfigurationList;
			buildConfigurations = (
				093224E11F68A6E200CA11D9 /* Debug */,
				093224E21F68A6E200CA11D9 /* Release */,
			);
			defaultConfigurationIsVisible = 0;
			defaultConfigurationName = Release;
		};
		093224E31F68A6E200CA11D9 /* Build configuration list for PBXNativeTarget "Bucket ListTests" */ = {
			isa = XCConfigurationList;
			buildConfigurations = (
				093224E41F68A6E200CA11D9 /* Debug */,
				093224E51F68A6E200CA11D9 /* Release */,
			);
			defaultConfigurationIsVisible = 0;
			defaultConfigurationName = Release;
		};
		093224E61F68A6E200CA11D9 /* Build configuration list for PBXNativeTarget "Bucket ListUITests" */ = {
			isa = XCConfigurationList;
			buildConfigurations = (
				093224E71F68A6E200CA11D9 /* Debug */,
				093224E81F68A6E200CA11D9 /* Release */,
			);
			defaultConfigurationIsVisible = 0;
			defaultConfigurationName = Release;
		};
/* End XCConfigurationList section */
	};
	rootObject = 093224B01F68A6E100CA11D9 /* Project object */;
}
